
Microsoft Visual Studio Solution File, Format Version 12.00
# Visual Studio Version 17
VisualStudioVersion = 17.4.33403.182
MinimumVisualStudioVersion = 10.0.40219.1
Project("{FAE04EC0-301F-11D3-BF4B-00C04F79EFBC}") = "EXERCICE11", "EXERCICE11\EXERCICE11.csproj", "{687EBC71-2DF0-4077-AA87-E5443E930F07}"
EndProject
Global
	GlobalSection(SolutionConfigurationPlatforms) = preSolution
		Debug|Any CPU = Debug|Any CPU
		Release|Any CPU = Release|Any CPU
	EndGlobalSection
	GlobalSection(ProjectConfigurationPlatforms) = postSolution
		{687EBC71-2DF0-4077-AA87-E5443E930F07}.Debug|Any CPU.ActiveCfg = Debug|Any CPU
		{687EBC71-2DF0-4077-AA87-E5443E930F07}.Debug|Any CPU.Build.0 = Debug|Any CPU
		{687EBC71-2DF0-4077-AA87-E5443E930F07}.Release|Any CPU.ActiveCfg = Release|Any CPU
		{687EBC71-2DF0-4077-AA87-E5443E930F07}.Release|Any CPU.Build.0 = Release|Any CPU
	EndGlobalSection
	GlobalSection(SolutionProperties) = preSolution
		HideSolutionNode = FALSE
	EndGlobalSection
	GlobalSection(ExtensibilityGlobals) = postSolution
		SolutionGuid = {E689CA82-6C5B-4687-9523-3B197755EF44}
	EndGlobalSection
EndGlobal
