
Microsoft Visual Studio Solution File, Format Version 12.00
# Visual Studio Version 17
VisualStudioVersion = 17.4.33403.182
MinimumVisualStudioVersion = 10.0.40219.1
Project("{FAE04EC0-301F-11D3-BF4B-00C04F79EFBC}") = "EXERCICE6", "EXERCICE6\EXERCICE6.csproj", "{6E018C6C-893E-4F4E-8978-1D4CE35E2BCF}"
EndProject
Global
	GlobalSection(SolutionConfigurationPlatforms) = preSolution
		Debug|Any CPU = Debug|Any CPU
		Release|Any CPU = Release|Any CPU
	EndGlobalSection
	GlobalSection(ProjectConfigurationPlatforms) = postSolution
		{6E018C6C-893E-4F4E-8978-1D4CE35E2BCF}.Debug|Any CPU.ActiveCfg = Debug|Any CPU
		{6E018C6C-893E-4F4E-8978-1D4CE35E2BCF}.Debug|Any CPU.Build.0 = Debug|Any CPU
		{6E018C6C-893E-4F4E-8978-1D4CE35E2BCF}.Release|Any CPU.ActiveCfg = Release|Any CPU
		{6E018C6C-893E-4F4E-8978-1D4CE35E2BCF}.Release|Any CPU.Build.0 = Release|Any CPU
	EndGlobalSection
	GlobalSection(SolutionProperties) = preSolution
		HideSolutionNode = FALSE
	EndGlobalSection
	GlobalSection(ExtensibilityGlobals) = postSolution
		SolutionGuid = {A9BB0011-5B43-4EF1-8B55-EBA75AC025B4}
	EndGlobalSection
EndGlobal
