
Microsoft Visual Studio Solution File, Format Version 12.00
# Visual Studio Version 17
VisualStudioVersion = 17.4.33403.182
MinimumVisualStudioVersion = 10.0.40219.1
Project("{FAE04EC0-301F-11D3-BF4B-00C04F79EFBC}") = "Exercice3pOR", "Exercice3pOR\Exercice3pOR.csproj", "{DF61FBA9-677B-4B3F-A0B3-F3431991C871}"
EndProject
Global
	GlobalSection(SolutionConfigurationPlatforms) = preSolution
		Debug|Any CPU = Debug|Any CPU
		Release|Any CPU = Release|Any CPU
	EndGlobalSection
	GlobalSection(ProjectConfigurationPlatforms) = postSolution
		{DF61FBA9-677B-4B3F-A0B3-F3431991C871}.Debug|Any CPU.ActiveCfg = Debug|Any CPU
		{DF61FBA9-677B-4B3F-A0B3-F3431991C871}.Debug|Any CPU.Build.0 = Debug|Any CPU
		{DF61FBA9-677B-4B3F-A0B3-F3431991C871}.Release|Any CPU.ActiveCfg = Release|Any CPU
		{DF61FBA9-677B-4B3F-A0B3-F3431991C871}.Release|Any CPU.Build.0 = Release|Any CPU
	EndGlobalSection
	GlobalSection(SolutionProperties) = preSolution
		HideSolutionNode = FALSE
	EndGlobalSection
	GlobalSection(ExtensibilityGlobals) = postSolution
		SolutionGuid = {E0E8B6E8-9973-474A-89AD-315C5039DCCB}
	EndGlobalSection
EndGlobal
